
Microsoft Visual Studio Solution File, Format Version 12.00
# Visual Studio Version 17
VisualStudioVersion = 17.14.36717.8
MinimumVisualStudioVersion = 10.0.40219.1
Project("{FAE04EC0-301F-11D3-BF4B-00C04F79EFBC}") = "FileSystemWatcher", "LW15\FileSystemWatcher.csproj", "{2C6CC846-14CF-4387-BC83-4F49078E25F3}"
EndProject
Project("{FAE04EC0-301F-11D3-BF4B-00C04F79EFBC}") = "MyLogging", "Task2\MyLogging.csproj", "{933A093B-E412-4552-93B1-53E2D1285C72}"
EndProject
Project("{FAE04EC0-301F-11D3-BF4B-00C04F79EFBC}") = "Utilities", "SingleRandomizer\Utilities.csproj", "{E21B1F63-B9CA-4CC2-9318-3278AA8C5CE9}"
EndProject
Global
	GlobalSection(SolutionConfigurationPlatforms) = preSolution
		Debug|Any CPU = Debug|Any CPU
		Release|Any CPU = Release|Any CPU
	EndGlobalSection
	GlobalSection(ProjectConfigurationPlatforms) = postSolution
		{2C6CC846-14CF-4387-BC83-4F49078E25F3}.Debug|Any CPU.ActiveCfg = Debug|Any CPU
		{2C6CC846-14CF-4387-BC83-4F49078E25F3}.Debug|Any CPU.Build.0 = Debug|Any CPU
		{2C6CC846-14CF-4387-BC83-4F49078E25F3}.Release|Any CPU.ActiveCfg = Release|Any CPU
		{2C6CC846-14CF-4387-BC83-4F49078E25F3}.Release|Any CPU.Build.0 = Release|Any CPU
		{933A093B-E412-4552-93B1-53E2D1285C72}.Debug|Any CPU.ActiveCfg = Debug|Any CPU
		{933A093B-E412-4552-93B1-53E2D1285C72}.Debug|Any CPU.Build.0 = Debug|Any CPU
		{933A093B-E412-4552-93B1-53E2D1285C72}.Release|Any CPU.ActiveCfg = Release|Any CPU
		{933A093B-E412-4552-93B1-53E2D1285C72}.Release|Any CPU.Build.0 = Release|Any CPU
		{E21B1F63-B9CA-4CC2-9318-3278AA8C5CE9}.Debug|Any CPU.ActiveCfg = Debug|Any CPU
		{E21B1F63-B9CA-4CC2-9318-3278AA8C5CE9}.Debug|Any CPU.Build.0 = Debug|Any CPU
		{E21B1F63-B9CA-4CC2-9318-3278AA8C5CE9}.Release|Any CPU.ActiveCfg = Release|Any CPU
		{E21B1F63-B9CA-4CC2-9318-3278AA8C5CE9}.Release|Any CPU.Build.0 = Release|Any CPU
	EndGlobalSection
	GlobalSection(SolutionProperties) = preSolution
		HideSolutionNode = FALSE
	EndGlobalSection
	GlobalSection(ExtensibilityGlobals) = postSolution
		SolutionGuid = {F669DFD9-5681-4E84-9621-64CF0BF684F7}
	EndGlobalSection
EndGlobal
